
Microsoft Visual Studio Solution File, Format Version 12.00
# Visual Studio Version 17
VisualStudioVersion = 17.10.35122.118
MinimumVisualStudioVersion = 10.0.40219.1
Project("{FAE04EC0-301F-11D3-BF4B-00C04F79EFBC}") = "fridgeplus_server", "fridgeplus_server.csproj", "{0428B547-A4C0-4D13-BC26-541DDDBF1E56}"
EndProject
Global
	GlobalSection(SolutionConfigurationPlatforms) = preSolution
		Debug|Any CPU = Debug|Any CPU
		Release|Any CPU = Release|Any CPU
	EndGlobalSection
	GlobalSection(ProjectConfigurationPlatforms) = postSolution
		{0428B547-A4C0-4D13-BC26-541DDDBF1E56}.Debug|Any CPU.ActiveCfg = Debug|Any CPU
		{0428B547-A4C0-4D13-BC26-541DDDBF1E56}.Debug|Any CPU.Build.0 = Debug|Any CPU
		{0428B547-A4C0-4D13-BC26-541DDDBF1E56}.Release|Any CPU.ActiveCfg = Release|Any CPU
		{0428B547-A4C0-4D13-BC26-541DDDBF1E56}.Release|Any CPU.Build.0 = Release|Any CPU
	EndGlobalSection
	GlobalSection(SolutionProperties) = preSolution
		HideSolutionNode = FALSE
	EndGlobalSection
	GlobalSection(ExtensibilityGlobals) = postSolution
		SolutionGuid = {55A72425-6E55-4778-9AEB-1575D8DB9C03}
	EndGlobalSection
EndGlobal
